Microsoft Visual Studio Solution File, Format Version 11.00
# Visual Studio 2008

Project("{FD6C28FF-9A27-7ECD-72F1-F26722799E45}") = "OceansSavior", "Assembly-CSharp.csproj", "{CCDA5A8B-8C11-6B99-7CB6-E0A80DDA6998}"
EndProject
Global
	GlobalSection(SolutionConfigurationPlatforms) = preSolution
		Debug|Any CPU = Debug|Any CPU
		Release|Any CPU = Release|Any CPU
	EndGlobalSection
	GlobalSection(ProjectConfigurationPlatforms) = postSolution
		{CCDA5A8B-8C11-6B99-7CB6-E0A80DDA6998}.Debug|Any CPU.ActiveCfg = Debug|Any CPU
		{CCDA5A8B-8C11-6B99-7CB6-E0A80DDA6998}.Debug|Any CPU.Build.0 = Debug|Any CPU
		{CCDA5A8B-8C11-6B99-7CB6-E0A80DDA6998}.Release|Any CPU.ActiveCfg = Release|Any CPU
		{CCDA5A8B-8C11-6B99-7CB6-E0A80DDA6998}.Release|Any CPU.Build.0 = Release|Any CPU
	EndGlobalSection
	GlobalSection(SolutionProperties) = preSolution
		HideSolutionNode = FALSE
	EndGlobalSection
	GlobalSection(MonoDevelopProperties) = preSolution
		StartupItem = Assembly-CSharp.csproj
	EndGlobalSection
EndGlobal
