
Microsoft Visual Studio Solution File, Format Version 11.00
# Visual Studio 2010
Project("{8BC9CEB8-8B4A-11D0-8D11-00A0C91BC942}") = "CL25_20161021_CL29_Scene2Dクラス追加", "CL25_20161021_CL29_Scene2Dクラス追加.vcxproj", "{2C9EAB89-8B0B-4113-8A81-D4538ECCE8F8}"
EndProject
Global
	GlobalSection(SolutionConfigurationPlatforms) = preSolution
		Debug|Win32 = Debug|Win32
		Release|Win32 = Release|Win32
	EndGlobalSection
	GlobalSection(ProjectConfigurationPlatforms) = postSolution
		{2C9EAB89-8B0B-4113-8A81-D4538ECCE8F8}.Debug|Win32.ActiveCfg = Debug|Win32
		{2C9EAB89-8B0B-4113-8A81-D4538ECCE8F8}.Debug|Win32.Build.0 = Debug|Win32
		{2C9EAB89-8B0B-4113-8A81-D4538ECCE8F8}.Release|Win32.ActiveCfg = Release|Win32
		{2C9EAB89-8B0B-4113-8A81-D4538ECCE8F8}.Release|Win32.Build.0 = Release|Win32
	EndGlobalSection
	GlobalSection(SolutionProperties) = preSolution
		HideSolutionNode = FALSE
	EndGlobalSection
EndGlobal
